
Microsoft Visual Studio Solution File, Format Version 12.00
# Visual Studio Version 17
VisualStudioVersion = 17.0.31903.59
MinimumVisualStudioVersion = 10.0.40219.1
Project("{2150E333-8FDC-42A3-9474-1A3956D46DE8}") = "src", "src", "{827E0CD3-B72D-47B6-A68D-7590B98EB39B}"
EndProject
Project("{FAE04EC0-301F-11D3-BF4B-00C04F79EFBC}") = "TaskManager.Api", "src\TaskManager.Api\TaskManager.Api.csproj", "{D4BB1408-D2B9-4AAB-BE3E-F7C1628EEF1F}"
EndProject
Project("{FAE04EC0-301F-11D3-BF4B-00C04F79EFBC}") = "TaskManager.Application", "src\TaskManager.Application\TaskManager.Application.csproj", "{B4BCAAC0-EDD3-4ADC-88F0-A57F389903CF}"
EndProject
Project("{FAE04EC0-301F-11D3-BF4B-00C04F79EFBC}") = "TaskManager.Domain", "src\TaskManager.Domain\TaskManager.Domain.csproj", "{0F9B458A-E0B2-460F-8B96-DF15720630C8}"
EndProject
Project("{FAE04EC0-301F-11D3-BF4B-00C04F79EFBC}") = "TaskManager.Infrastructure", "src\TaskManager.Infrastructure\TaskManager.Infrastructure.csproj", "{D7872561-7571-4882-8C99-F9D2589A7045}"
EndProject
Project("{2150E333-8FDC-42A3-9474-1A3956D46DE8}") = "tests", "tests", "{0AB3BF05-4346-4AA6-1389-037BE0695223}"
EndProject
Project("{FAE04EC0-301F-11D3-BF4B-00C04F79EFBC}") = "TaskManager.UnitTests", "tests\TaskManager.UnitTests\TaskManager.UnitTests.csproj", "{AE8D2B9C-A41F-440C-B028-48E82DA19123}"
EndProject
Project("{FAE04EC0-301F-11D3-BF4B-00C04F79EFBC}") = "TaskManager.IntegrationTests", "tests\TaskManager.IntegrationTests\TaskManager.IntegrationTests.csproj", "{8481F3A4-FC3A-4595-8F05-13745BA40C29}"
EndProject
Global
	GlobalSection(SolutionConfigurationPlatforms) = preSolution
		Debug|Any CPU = Debug|Any CPU
		Debug|x64 = Debug|x64
		Debug|x86 = Debug|x86
		Release|Any CPU = Release|Any CPU
		Release|x64 = Release|x64
		Release|x86 = Release|x86
	EndGlobalSection
	GlobalSection(ProjectConfigurationPlatforms) = postSolution
		{D4BB1408-D2B9-4AAB-BE3E-F7C1628EEF1F}.Debug|Any CPU.ActiveCfg = Debug|Any CPU
		{D4BB1408-D2B9-4AAB-BE3E-F7C1628EEF1F}.Debug|Any CPU.Build.0 = Debug|Any CPU
		{D4BB1408-D2B9-4AAB-BE3E-F7C1628EEF1F}.Debug|x64.ActiveCfg = Debug|Any CPU
		{D4BB1408-D2B9-4AAB-BE3E-F7C1628EEF1F}.Debug|x64.Build.0 = Debug|Any CPU
		{D4BB1408-D2B9-4AAB-BE3E-F7C1628EEF1F}.Debug|x86.ActiveCfg = Debug|Any CPU
		{D4BB1408-D2B9-4AAB-BE3E-F7C1628EEF1F}.Debug|x86.Build.0 = Debug|Any CPU
		{D4BB1408-D2B9-4AAB-BE3E-F7C1628EEF1F}.Release|Any CPU.ActiveCfg = Release|Any CPU
		{D4BB1408-D2B9-4AAB-BE3E-F7C1628EEF1F}.Release|Any CPU.Build.0 = Release|Any CPU
		{D4BB1408-D2B9-4AAB-BE3E-F7C1628EEF1F}.Release|x64.ActiveCfg = Release|Any CPU
		{D4BB1408-D2B9-4AAB-BE3E-F7C1628EEF1F}.Release|x64.Build.0 = Release|Any CPU
		{D4BB1408-D2B9-4AAB-BE3E-F7C1628EEF1F}.Release|x86.ActiveCfg = Release|Any CPU
		{D4BB1408-D2B9-4AAB-BE3E-F7C1628EEF1F}.Release|x86.Build.0 = Release|Any CPU
		{B4BCAAC0-EDD3-4ADC-88F0-A57F389903CF}.Debug|Any CPU.ActiveCfg = Debug|Any CPU
		{B4BCAAC0-EDD3-4ADC-88F0-A57F389903CF}.Debug|Any CPU.Build.0 = Debug|Any CPU
		{B4BCAAC0-EDD3-4ADC-88F0-A57F389903CF}.Debug|x64.ActiveCfg = Debug|Any CPU
		{B4BCAAC0-EDD3-4ADC-88F0-A57F389903CF}.Debug|x64.Build.0 = Debug|Any CPU
		{B4BCAAC0-EDD3-4ADC-88F0-A57F389903CF}.Debug|x86.ActiveCfg = Debug|Any CPU
		{B4BCAAC0-EDD3-4ADC-88F0-A57F389903CF}.Debug|x86.Build.0 = Debug|Any CPU
		{B4BCAAC0-EDD3-4ADC-88F0-A57F389903CF}.Release|Any CPU.ActiveCfg = Release|Any CPU
		{B4BCAAC0-EDD3-4ADC-88F0-A57F389903CF}.Release|Any CPU.Build.0 = Release|Any CPU
		{B4BCAAC0-EDD3-4ADC-88F0-A57F389903CF}.Release|x64.ActiveCfg = Release|Any CPU
		{B4BCAAC0-EDD3-4ADC-88F0-A57F389903CF}.Release|x64.Build.0 = Release|Any CPU
		{B4BCAAC0-EDD3-4ADC-88F0-A57F389903CF}.Release|x86.ActiveCfg = Release|Any CPU
		{B4BCAAC0-EDD3-4ADC-88F0-A57F389903CF}.Release|x86.Build.0 = Release|Any CPU
		{0F9B458A-E0B2-460F-8B96-DF15720630C8}.Debug|Any CPU.ActiveCfg = Debug|Any CPU
		{0F9B458A-E0B2-460F-8B96-DF15720630C8}.Debug|Any CPU.Build.0 = Debug|Any CPU
		{0F9B458A-E0B2-460F-8B96-DF15720630C8}.Debug|x64.ActiveCfg = Debug|Any CPU
		{0F9B458A-E0B2-460F-8B96-DF15720630C8}.Debug|x64.Build.0 = Debug|Any CPU
		{0F9B458A-E0B2-460F-8B96-DF15720630C8}.Debug|x86.ActiveCfg = Debug|Any CPU
		{0F9B458A-E0B2-460F-8B96-DF15720630C8}.Debug|x86.Build.0 = Debug|Any CPU
		{0F9B458A-E0B2-460F-8B96-DF15720630C8}.Release|Any CPU.ActiveCfg = Release|Any CPU
		{0F9B458A-E0B2-460F-8B96-DF15720630C8}.Release|Any CPU.Build.0 = Release|Any CPU
		{0F9B458A-E0B2-460F-8B96-DF15720630C8}.Release|x64.ActiveCfg = Release|Any CPU
		{0F9B458A-E0B2-460F-8B96-DF15720630C8}.Release|x64.Build.0 = Release|Any CPU
		{0F9B458A-E0B2-460F-8B96-DF15720630C8}.Release|x86.ActiveCfg = Release|Any CPU
		{0F9B458A-E0B2-460F-8B96-DF15720630C8}.Release|x86.Build.0 = Release|Any CPU
		{D7872561-7571-4882-8C99-F9D2589A7045}.Debug|Any CPU.ActiveCfg = Debug|Any CPU
		{D7872561-7571-4882-8C99-F9D2589A7045}.Debug|Any CPU.Build.0 = Debug|Any CPU
		{D7872561-7571-4882-8C99-F9D2589A7045}.Debug|x64.ActiveCfg = Debug|Any CPU
		{D7872561-7571-4882-8C99-F9D2589A7045}.Debug|x64.Build.0 = Debug|Any CPU
		{D7872561-7571-4882-8C99-F9D2589A7045}.Debug|x86.ActiveCfg = Debug|Any CPU
		{D7872561-7571-4882-8C99-F9D2589A7045}.Debug|x86.Build.0 = Debug|Any CPU
		{D7872561-7571-4882-8C99-F9D2589A7045}.Release|Any CPU.ActiveCfg = Release|Any CPU
		{D7872561-7571-4882-8C99-F9D2589A7045}.Release|Any CPU.Build.0 = Release|Any CPU
		{D7872561-7571-4882-8C99-F9D2589A7045}.Release|x64.ActiveCfg = Release|Any CPU
		{D7872561-7571-4882-8C99-F9D2589A7045}.Release|x64.Build.0 = Release|Any CPU
		{D7872561-7571-4882-8C99-F9D2589A7045}.Release|x86.ActiveCfg = Release|Any CPU
		{D7872561-7571-4882-8C99-F9D2589A7045}.Release|x86.Build.0 = Release|Any CPU
		{AE8D2B9C-A41F-440C-B028-48E82DA19123}.Debug|Any CPU.ActiveCfg = Debug|Any CPU
		{AE8D2B9C-A41F-440C-B028-48E82DA19123}.Debug|Any CPU.Build.0 = Debug|Any CPU
		{AE8D2B9C-A41F-440C-B028-48E82DA19123}.Debug|x64.ActiveCfg = Debug|Any CPU
		{AE8D2B9C-A41F-440C-B028-48E82DA19123}.Debug|x64.Build.0 = Debug|Any CPU
		{AE8D2B9C-A41F-440C-B028-48E82DA19123}.Debug|x86.ActiveCfg = Debug|Any CPU
		{AE8D2B9C-A41F-440C-B028-48E82DA19123}.Debug|x86.Build.0 = Debug|Any CPU
		{AE8D2B9C-A41F-440C-B028-48E82DA19123}.Release|Any CPU.ActiveCfg = Release|Any CPU
		{AE8D2B9C-A41F-440C-B028-48E82DA19123}.Release|Any CPU.Build.0 = Release|Any CPU
		{AE8D2B9C-A41F-440C-B028-48E82DA19123}.Release|x64.ActiveCfg = Release|Any CPU
		{AE8D2B9C-A41F-440C-B028-48E82DA19123}.Release|x64.Build.0 = Release|Any CPU
		{AE8D2B9C-A41F-440C-B028-48E82DA19123}.Release|x86.ActiveCfg = Release|Any CPU
		{AE8D2B9C-A41F-440C-B028-48E82DA19123}.Release|x86.Build.0 = Release|Any CPU
		{8481F3A4-FC3A-4595-8F05-13745BA40C29}.Debug|Any CPU.ActiveCfg = Debug|Any CPU
		{8481F3A4-FC3A-4595-8F05-13745BA40C29}.Debug|Any CPU.Build.0 = Debug|Any CPU
		{8481F3A4-FC3A-4595-8F05-13745BA40C29}.Debug|x64.ActiveCfg = Debug|Any CPU
		{8481F3A4-FC3A-4595-8F05-13745BA40C29}.Debug|x64.Build.0 = Debug|Any CPU
		{8481F3A4-FC3A-4595-8F05-13745BA40C29}.Debug|x86.ActiveCfg = Debug|Any CPU
		{8481F3A4-FC3A-4595-8F05-13745BA40C29}.Debug|x86.Build.0 = Debug|Any CPU
		{8481F3A4-FC3A-4595-8F05-13745BA40C29}.Release|Any CPU.ActiveCfg = Release|Any CPU
		{8481F3A4-FC3A-4595-8F05-13745BA40C29}.Release|Any CPU.Build.0 = Release|Any CPU
		{8481F3A4-FC3A-4595-8F05-13745BA40C29}.Release|x64.ActiveCfg = Release|Any CPU
		{8481F3A4-FC3A-4595-8F05-13745BA40C29}.Release|x64.Build.0 = Release|Any CPU
		{8481F3A4-FC3A-4595-8F05-13745BA40C29}.Release|x86.ActiveCfg = Release|Any CPU
		{8481F3A4-FC3A-4595-8F05-13745BA40C29}.Release|x86.Build.0 = Release|Any CPU
	EndGlobalSection
	GlobalSection(SolutionProperties) = preSolution
		HideSolutionNode = FALSE
	EndGlobalSection
	GlobalSection(NestedProjects) = preSolution
		{D4BB1408-D2B9-4AAB-BE3E-F7C1628EEF1F} = {827E0CD3-B72D-47B6-A68D-7590B98EB39B}
		{B4BCAAC0-EDD3-4ADC-88F0-A57F389903CF} = {827E0CD3-B72D-47B6-A68D-7590B98EB39B}
		{0F9B458A-E0B2-460F-8B96-DF15720630C8} = {827E0CD3-B72D-47B6-A68D-7590B98EB39B}
		{D7872561-7571-4882-8C99-F9D2589A7045} = {827E0CD3-B72D-47B6-A68D-7590B98EB39B}
		{AE8D2B9C-A41F-440C-B028-48E82DA19123} = {0AB3BF05-4346-4AA6-1389-037BE0695223}
		{8481F3A4-FC3A-4595-8F05-13745BA40C29} = {0AB3BF05-4346-4AA6-1389-037BE0695223}
	EndGlobalSection
EndGlobal
